
Microsoft Visual Studio Solution File, Format Version 12.00
# Visual Studio Version 16
VisualStudioVersion = 16.0.30114.105
MinimumVisualStudioVersion = 10.0.40219.1
Project("{2150E333-8FDC-42A3-9474-1A3956D46DE8}") = "1-Application", "1-Application", "{70E4ED83-E67B-4D91-9C47-3E297A2435B5}"
EndProject
Project("{2150E333-8FDC-42A3-9474-1A3956D46DE8}") = "3-Infra", "3-Infra", "{5DF86224-9B09-495B-A52F-5CBC69006C21}"
EndProject
Project("{2150E333-8FDC-42A3-9474-1A3956D46DE8}") = "2-Domain", "2-Domain", "{F69A1375-F082-4B14-A898-F1A98382B4D6}"
EndProject
Project("{2150E333-8FDC-42A3-9474-1A3956D46DE8}") = "3.1-Repository", "3.1-Repository", "{8A1B63F0-829F-43A3-B736-A41DBAAE9411}"
EndProject
Project("{2150E333-8FDC-42A3-9474-1A3956D46DE8}") = "3.2-Ioc", "3.2-Ioc", "{40E5371D-04D6-4E3D-A2E7-3FF4FFEED315}"
EndProject
Project("{2150E333-8FDC-42A3-9474-1A3956D46DE8}") = "3.3-Database", "3.3-Database", "{39C78097-ED9D-4D0A-88D5-483557A06823}"
EndProject
Project("{2150E333-8FDC-42A3-9474-1A3956D46DE8}") = "Repositories", "Repositories", "{A070B866-9A41-4377-879C-8509F665BCE7}"
EndProject
Project("{2150E333-8FDC-42A3-9474-1A3956D46DE8}") = "Context", "Context", "{98043688-C776-48C2-A1A0-71F8685CFCE7}"
EndProject
Project("{2150E333-8FDC-42A3-9474-1A3956D46DE8}") = "Configuration", "Configuration", "{FD84A12F-7A05-402E-AE7E-740B2263DE80}"
EndProject
Global
	GlobalSection(SolutionProperties) = preSolution
		HideSolutionNode = FALSE
	EndGlobalSection
	GlobalSection(NestedProjects) = preSolution
		{8A1B63F0-829F-43A3-B736-A41DBAAE9411} = {5DF86224-9B09-495B-A52F-5CBC69006C21}
		{40E5371D-04D6-4E3D-A2E7-3FF4FFEED315} = {5DF86224-9B09-495B-A52F-5CBC69006C21}
		{39C78097-ED9D-4D0A-88D5-483557A06823} = {5DF86224-9B09-495B-A52F-5CBC69006C21}
		{A070B866-9A41-4377-879C-8509F665BCE7} = {8A1B63F0-829F-43A3-B736-A41DBAAE9411}
		{98043688-C776-48C2-A1A0-71F8685CFCE7} = {8A1B63F0-829F-43A3-B736-A41DBAAE9411}
		{FD84A12F-7A05-402E-AE7E-740B2263DE80} = {8A1B63F0-829F-43A3-B736-A41DBAAE9411}
	EndGlobalSection
	GlobalSection(ExtensibilityGlobals) = postSolution
		SolutionGuid = {A6B4C035-5322-48EA-AD3F-C21AC7245E1E}
	EndGlobalSection
EndGlobal
