
Microsoft Visual Studio Solution File, Format Version 12.00
# Visual Studio Version 16
VisualStudioVersion = 16.0.30114.105
MinimumVisualStudioVersion = 10.0.40219.1
Project("{2150E333-8FDC-42A3-9474-1A3956D46DE8}") = "1-Application", "1-Application", "{70E4ED83-E67B-4D91-9C47-3E297A2435B5}"
EndProject
Project("{2150E333-8FDC-42A3-9474-1A3956D46DE8}") = "3-Infra", "3-Infra", "{5DF86224-9B09-495B-A52F-5CBC69006C21}"
EndProject
Project("{2150E333-8FDC-42A3-9474-1A3956D46DE8}") = "2-Domain", "2-Domain", "{F69A1375-F082-4B14-A898-F1A98382B4D6}"
EndProject
Project("{2150E333-8FDC-42A3-9474-1A3956D46DE8}") = "3.1-Repository", "3.1-Repository", "{8A1B63F0-829F-43A3-B736-A41DBAAE9411}"
EndProject
Project("{2150E333-8FDC-42A3-9474-1A3956D46DE8}") = "3.2-Ioc", "3.2-Ioc", "{40E5371D-04D6-4E3D-A2E7-3FF4FFEED315}"
EndProject
Project("{2150E333-8FDC-42A3-9474-1A3956D46DE8}") = "3.3-Database", "3.3-Database", "{39C78097-ED9D-4D0A-88D5-483557A06823}"
EndProject
Project("{9A19103F-16F7-4668-BE54-9A1E7A4F7556}") = "Marvel.Ioc", "Marvel.Ioc\Marvel.Ioc.csproj", "{122CF0A2-ACC5-44B5-A3A0-397328F189EC}"
EndProject
Project("{2150E333-8FDC-42A3-9474-1A3956D46DE8}") = "2.1-Main", "2.1-Main", "{910B420A-E0A6-4B36-93AE-41DB32728DEB}"
EndProject
Project("{9A19103F-16F7-4668-BE54-9A1E7A4F7556}") = "Marvel.Domain", "Marvel.Domain\Marvel.Domain.csproj", "{0146B4A1-35EB-4967-8434-7DF70AEEB592}"
EndProject
Project("{9A19103F-16F7-4668-BE54-9A1E7A4F7556}") = "Marvel.Repository", "Marvel.Repository\Marvel.Repository.csproj", "{243760AD-CCBB-4A3D-9987-8D89DB08FBA8}"
EndProject
Project("{2150E333-8FDC-42A3-9474-1A3956D46DE8}") = "1.1-WebApi", "1.1-WebApi", "{35CB000F-8AE9-494B-A076-6BA55E83D348}"
EndProject
Project("{9A19103F-16F7-4668-BE54-9A1E7A4F7556}") = "Marvel.API.Tests", "Marvel.API.Tests\Marvel.API.Tests.csproj", "{F0587460-35A7-4084-8BDC-C73B0250DECD}"
EndProject
Project("{9A19103F-16F7-4668-BE54-9A1E7A4F7556}") = "MarvelAPP.API", "MarvelAPP.API\MarvelAPP.API.csproj", "{3D484859-3D23-46C3-82A1-60DF5E30F0C0}"
EndProject
Project("{2150E333-8FDC-42A3-9474-1A3956D46DE8}") = "1.2-Services", "1.2-Services", "{10A156EA-96D2-4C36-93E8-4E8880465CF3}"
EndProject
Project("{9A19103F-16F7-4668-BE54-9A1E7A4F7556}") = "Marvel.Application", "Marvel.Application\Marvel.Application.csproj", "{BA4AADF5-116B-47B3-B420-13591A17179D}"
EndProject
Global
	GlobalSection(SolutionConfigurationPlatforms) = preSolution
		Debug|Any CPU = Debug|Any CPU
		Release|Any CPU = Release|Any CPU
	EndGlobalSection
	GlobalSection(ProjectConfigurationPlatforms) = postSolution
		{122CF0A2-ACC5-44B5-A3A0-397328F189EC}.Debug|Any CPU.ActiveCfg = Debug|Any CPU
		{122CF0A2-ACC5-44B5-A3A0-397328F189EC}.Debug|Any CPU.Build.0 = Debug|Any CPU
		{122CF0A2-ACC5-44B5-A3A0-397328F189EC}.Release|Any CPU.ActiveCfg = Release|Any CPU
		{122CF0A2-ACC5-44B5-A3A0-397328F189EC}.Release|Any CPU.Build.0 = Release|Any CPU
		{0146B4A1-35EB-4967-8434-7DF70AEEB592}.Debug|Any CPU.ActiveCfg = Debug|Any CPU
		{0146B4A1-35EB-4967-8434-7DF70AEEB592}.Debug|Any CPU.Build.0 = Debug|Any CPU
		{0146B4A1-35EB-4967-8434-7DF70AEEB592}.Release|Any CPU.ActiveCfg = Release|Any CPU
		{0146B4A1-35EB-4967-8434-7DF70AEEB592}.Release|Any CPU.Build.0 = Release|Any CPU
		{243760AD-CCBB-4A3D-9987-8D89DB08FBA8}.Debug|Any CPU.ActiveCfg = Debug|Any CPU
		{243760AD-CCBB-4A3D-9987-8D89DB08FBA8}.Debug|Any CPU.Build.0 = Debug|Any CPU
		{243760AD-CCBB-4A3D-9987-8D89DB08FBA8}.Release|Any CPU.ActiveCfg = Release|Any CPU
		{243760AD-CCBB-4A3D-9987-8D89DB08FBA8}.Release|Any CPU.Build.0 = Release|Any CPU
		{F0587460-35A7-4084-8BDC-C73B0250DECD}.Debug|Any CPU.ActiveCfg = Debug|Any CPU
		{F0587460-35A7-4084-8BDC-C73B0250DECD}.Debug|Any CPU.Build.0 = Debug|Any CPU
		{F0587460-35A7-4084-8BDC-C73B0250DECD}.Release|Any CPU.ActiveCfg = Release|Any CPU
		{F0587460-35A7-4084-8BDC-C73B0250DECD}.Release|Any CPU.Build.0 = Release|Any CPU
		{3D484859-3D23-46C3-82A1-60DF5E30F0C0}.Debug|Any CPU.ActiveCfg = Debug|Any CPU
		{3D484859-3D23-46C3-82A1-60DF5E30F0C0}.Debug|Any CPU.Build.0 = Debug|Any CPU
		{3D484859-3D23-46C3-82A1-60DF5E30F0C0}.Release|Any CPU.ActiveCfg = Release|Any CPU
		{3D484859-3D23-46C3-82A1-60DF5E30F0C0}.Release|Any CPU.Build.0 = Release|Any CPU
		{BA4AADF5-116B-47B3-B420-13591A17179D}.Debug|Any CPU.ActiveCfg = Debug|Any CPU
		{BA4AADF5-116B-47B3-B420-13591A17179D}.Debug|Any CPU.Build.0 = Debug|Any CPU
		{BA4AADF5-116B-47B3-B420-13591A17179D}.Release|Any CPU.ActiveCfg = Release|Any CPU
		{BA4AADF5-116B-47B3-B420-13591A17179D}.Release|Any CPU.Build.0 = Release|Any CPU
	EndGlobalSection
	GlobalSection(SolutionProperties) = preSolution
		HideSolutionNode = FALSE
	EndGlobalSection
	GlobalSection(NestedProjects) = preSolution
		{8A1B63F0-829F-43A3-B736-A41DBAAE9411} = {5DF86224-9B09-495B-A52F-5CBC69006C21}
		{40E5371D-04D6-4E3D-A2E7-3FF4FFEED315} = {5DF86224-9B09-495B-A52F-5CBC69006C21}
		{39C78097-ED9D-4D0A-88D5-483557A06823} = {5DF86224-9B09-495B-A52F-5CBC69006C21}
		{122CF0A2-ACC5-44B5-A3A0-397328F189EC} = {40E5371D-04D6-4E3D-A2E7-3FF4FFEED315}
		{910B420A-E0A6-4B36-93AE-41DB32728DEB} = {F69A1375-F082-4B14-A898-F1A98382B4D6}
		{0146B4A1-35EB-4967-8434-7DF70AEEB592} = {910B420A-E0A6-4B36-93AE-41DB32728DEB}
		{243760AD-CCBB-4A3D-9987-8D89DB08FBA8} = {8A1B63F0-829F-43A3-B736-A41DBAAE9411}
		{35CB000F-8AE9-494B-A076-6BA55E83D348} = {70E4ED83-E67B-4D91-9C47-3E297A2435B5}
		{F0587460-35A7-4084-8BDC-C73B0250DECD} = {35CB000F-8AE9-494B-A076-6BA55E83D348}
		{3D484859-3D23-46C3-82A1-60DF5E30F0C0} = {35CB000F-8AE9-494B-A076-6BA55E83D348}
		{10A156EA-96D2-4C36-93E8-4E8880465CF3} = {70E4ED83-E67B-4D91-9C47-3E297A2435B5}
		{BA4AADF5-116B-47B3-B420-13591A17179D} = {10A156EA-96D2-4C36-93E8-4E8880465CF3}
	EndGlobalSection
	GlobalSection(ExtensibilityGlobals) = postSolution
		SolutionGuid = {A6B4C035-5322-48EA-AD3F-C21AC7245E1E}
	EndGlobalSection
EndGlobal
